// !$*UTF8*$!
{
	archiveVersion = 1;
	classes = {
	};
	objectVersion = 50;
	objects = {

/* Begin PBXBuildFile section */
		D830FB262541109D006214ED /* RecipeResult.swift in Sources */ = {isa = PBXBuildFile; fileRef = D830FB252541109D006214ED /* RecipeResult.swift */; };
		D830FB2B25411180006214ED /* NetworkManager.swift in Sources */ = {isa = PBXBuildFile; fileRef = D830FB2A25411180006214ED /* NetworkManager.swift */; };
		D830FB2F254111C0006214ED /* NetworkManagerError.swift in Sources */ = {isa = PBXBuildFile; fileRef = D830FB2E254111C0006214ED /* NetworkManagerError.swift */; };
		D830FB332541189B006214ED /* RecipeNetworkManager.swift in Sources */ = {isa = PBXBuildFile; fileRef = D830FB322541189B006214ED /* RecipeNetworkManager.swift */; };
		D855429B25416A82002BF3AB /* RecipeTableViewCell.swift in Sources */ = {isa = PBXBuildFile; fileRef = D855429A25416A82002BF3AB /* RecipeTableViewCell.swift */; };
		D85542A12549F1B2002BF3AB /* RecipleaseError.swift in Sources */ = {isa = PBXBuildFile; fileRef = D85542A02549F1B2002BF3AB /* RecipleaseError.swift */; };
		D85542A5254A32A4002BF3AB /* BaseViewController.swift in Sources */ = {isa = PBXBuildFile; fileRef = D85542A4254A32A4002BF3AB /* BaseViewController.swift */; };
		D85542A9254AB295002BF3AB /* RecipleaseNavigationController.swift in Sources */ = {isa = PBXBuildFile; fileRef = D85542A8254AB294002BF3AB /* RecipleaseNavigationController.swift */; };
		D86679B7252EF2CA005C56F6 /* AppDelegate.swift in Sources */ = {isa = PBXBuildFile; fileRef = D86679B6252EF2CA005C56F6 /* AppDelegate.swift */; };
		D86679B9252EF2CA005C56F6 /* SceneDelegate.swift in Sources */ = {isa = PBXBuildFile; fileRef = D86679B8252EF2CA005C56F6 /* SceneDelegate.swift */; };
		D86679BB252EF2CA005C56F6 /* FridgeViewController.swift in Sources */ = {isa = PBXBuildFile; fileRef = D86679BA252EF2CA005C56F6 /* FridgeViewController.swift */; };
		D86679BE252EF2CA005C56F6 /* Main.storyboard in Resources */ = {isa = PBXBuildFile; fileRef = D86679BC252EF2CA005C56F6 /* Main.storyboard */; };
		D86679C1252EF2CA005C56F6 /* Reciplease.xcdatamodeld in Sources */ = {isa = PBXBuildFile; fileRef = D86679BF252EF2CA005C56F6 /* Reciplease.xcdatamodeld */; };
		D86679C3252EF2CD005C56F6 /* Assets.xcassets in Resources */ = {isa = PBXBuildFile; fileRef = D86679C2252EF2CD005C56F6 /* Assets.xcassets */; };
		D86679C6252EF2CD005C56F6 /* LaunchScreen.storyboard in Resources */ = {isa = PBXBuildFile; fileRef = D86679C4252EF2CD005C56F6 /* LaunchScreen.storyboard */; };
		D86679D1252EF2CE005C56F6 /* RecipleaseTests.swift in Sources */ = {isa = PBXBuildFile; fileRef = D86679D0252EF2CE005C56F6 /* RecipleaseTests.swift */; };
		D86679DC252EF5AC005C56F6 /* RecipesViewController.swift in Sources */ = {isa = PBXBuildFile; fileRef = D86679DB252EF5AC005C56F6 /* RecipesViewController.swift */; };
		D86679DE252EF5BD005C56F6 /* RecipeDetailsViewController.swift in Sources */ = {isa = PBXBuildFile; fileRef = D86679DD252EF5BD005C56F6 /* RecipeDetailsViewController.swift */; };
/* End PBXBuildFile section */

/* Begin PBXContainerItemProxy section */
		D86679CD252EF2CE005C56F6 /* PBXContainerItemProxy */ = {
			isa = PBXContainerItemProxy;
			containerPortal = D86679AB252EF2CA005C56F6 /* Project object */;
			proxyType = 1;
			remoteGlobalIDString = D86679B2252EF2CA005C56F6;
			remoteInfo = Reciplease;
		};
/* End PBXContainerItemProxy section */

/* Begin PBXFileReference section */
		D830FB252541109D006214ED /* RecipeResult.swift */ = {isa = PBXFileReference; lastKnownFileType = sourcecode.swift; path = RecipeResult.swift; sourceTree = "<group>"; };
		D830FB2A25411180006214ED /* NetworkManager.swift */ = {isa = PBXFileReference; lastKnownFileType = sourcecode.swift; path = NetworkManager.swift; sourceTree = "<group>"; };
		D830FB2E254111C0006214ED /* NetworkManagerError.swift */ = {isa = PBXFileReference; lastKnownFileType = sourcecode.swift; path = NetworkManagerError.swift; sourceTree = "<group>"; };
		D830FB322541189B006214ED /* RecipeNetworkManager.swift */ = {isa = PBXFileReference; lastKnownFileType = sourcecode.swift; path = RecipeNetworkManager.swift; sourceTree = "<group>"; };
		D855429A25416A82002BF3AB /* RecipeTableViewCell.swift */ = {isa = PBXFileReference; lastKnownFileType = sourcecode.swift; path = RecipeTableViewCell.swift; sourceTree = "<group>"; };
		D85542A02549F1B2002BF3AB /* RecipleaseError.swift */ = {isa = PBXFileReference; lastKnownFileType = sourcecode.swift; path = RecipleaseError.swift; sourceTree = "<group>"; };
		D85542A4254A32A4002BF3AB /* BaseViewController.swift */ = {isa = PBXFileReference; lastKnownFileType = sourcecode.swift; path = BaseViewController.swift; sourceTree = "<group>"; };
		D85542A8254AB294002BF3AB /* RecipleaseNavigationController.swift */ = {isa = PBXFileReference; lastKnownFileType = sourcecode.swift; path = RecipleaseNavigationController.swift; sourceTree = "<group>"; };
		D86679B3252EF2CA005C56F6 /* Reciplease.app */ = {isa = PBXFileReference; explicitFileType = wrapper.application; includeInIndex = 0; path = Reciplease.app; sourceTree = BUILT_PRODUCTS_DIR; };
		D86679B6252EF2CA005C56F6 /* AppDelegate.swift */ = {isa = PBXFileReference; lastKnownFileType = sourcecode.swift; path = AppDelegate.swift; sourceTree = "<group>"; };
		D86679B8252EF2CA005C56F6 /* SceneDelegate.swift */ = {isa = PBXFileReference; lastKnownFileType = sourcecode.swift; path = SceneDelegate.swift; sourceTree = "<group>"; };
		D86679BA252EF2CA005C56F6 /* FridgeViewController.swift */ = {isa = PBXFileReference; lastKnownFileType = sourcecode.swift; path = FridgeViewController.swift; sourceTree = "<group>"; };
		D86679BD252EF2CA005C56F6 /* Base */ = {isa = PBXFileReference; lastKnownFileType = file.storyboard; name = Base; path = Base.lproj/Main.storyboard; sourceTree = "<group>"; };
		D86679C0252EF2CA005C56F6 /* Reciplease.xcdatamodel */ = {isa = PBXFileReference; lastKnownFileType = wrapper.xcdatamodel; path = Reciplease.xcdatamodel; sourceTree = "<group>"; };
		D86679C2252EF2CD005C56F6 /* Assets.xcassets */ = {isa = PBXFileReference; lastKnownFileType = folder.assetcatalog; path = Assets.xcassets; sourceTree = "<group>"; };
		D86679C5252EF2CD005C56F6 /* Base */ = {isa = PBXFileReference; lastKnownFileType = file.storyboard; name = Base; path = Base.lproj/LaunchScreen.storyboard; sourceTree = "<group>"; };
		D86679C7252EF2CD005C56F6 /* Info.plist */ = {isa = PBXFileReference; lastKnownFileType = text.plist.xml; path = Info.plist; sourceTree = "<group>"; };
		D86679CC252EF2CE005C56F6 /* RecipleaseTests.xctest */ = {isa = PBXFileReference; explicitFileType = wrapper.cfbundle; includeInIndex = 0; path = RecipleaseTests.xctest; sourceTree = BUILT_PRODUCTS_DIR; };
		D86679D0252EF2CE005C56F6 /* RecipleaseTests.swift */ = {isa = PBXFileReference; lastKnownFileType = sourcecode.swift; path = RecipleaseTests.swift; sourceTree = "<group>"; };
		D86679D2252EF2CE005C56F6 /* Info.plist */ = {isa = PBXFileReference; lastKnownFileType = text.plist.xml; path = Info.plist; sourceTree = "<group>"; };
		D86679DB252EF5AC005C56F6 /* RecipesViewController.swift */ = {isa = PBXFileReference; lastKnownFileType = sourcecode.swift; path = RecipesViewController.swift; sourceTree = "<group>"; };
		D86679DD252EF5BD005C56F6 /* RecipeDetailsViewController.swift */ = {isa = PBXFileReference; lastKnownFileType = sourcecode.swift; path = RecipeDetailsViewController.swift; sourceTree = "<group>"; };
/* End PBXFileReference section */

/* Begin PBXFrameworksBuildPhase section */
		D86679B0252EF2CA005C56F6 /* Frameworks */ = {
			isa = PBXFrameworksBuildPhase;
			buildActionMask = 2147483647;
			files = (
			);
			runOnlyForDeploymentPostprocessing = 0;
		};
		D86679C9252EF2CE005C56F6 /* Frameworks */ = {
			isa = PBXFrameworksBuildPhase;
			buildActionMask = 2147483647;
			files = (
			);
			runOnlyForDeploymentPostprocessing = 0;
		};
/* End PBXFrameworksBuildPhase section */

/* Begin PBXGroup section */
		D830FB1D2541102C006214ED /* Controller */ = {
			isa = PBXGroup;
			children = (
				D86679DB252EF5AC005C56F6 /* RecipesViewController.swift */,
				D86679BA252EF2CA005C56F6 /* FridgeViewController.swift */,
				D85542A4254A32A4002BF3AB /* BaseViewController.swift */,
				D85542A02549F1B2002BF3AB /* RecipleaseError.swift */,
				D86679DD252EF5BD005C56F6 /* RecipeDetailsViewController.swift */,
				D85542A8254AB294002BF3AB /* RecipleaseNavigationController.swift */,
			);
			path = Controller;
			sourceTree = "<group>";
		};
		D830FB1E25411043006214ED /* View */ = {
			isa = PBXGroup;
			children = (
				D86679C4252EF2CD005C56F6 /* LaunchScreen.storyboard */,
				D86679BC252EF2CA005C56F6 /* Main.storyboard */,
				D855429A25416A82002BF3AB /* RecipeTableViewCell.swift */,
			);
			path = View;
			sourceTree = "<group>";
		};
		D830FB2325411062006214ED /* Model */ = {
			isa = PBXGroup;
			children = (
				D830FB292541116F006214ED /* Service */,
				D830FB2425411079006214ED /* Decodable */,
			);
			path = Model;
			sourceTree = "<group>";
		};
		D830FB2425411079006214ED /* Decodable */ = {
			isa = PBXGroup;
			children = (
				D830FB252541109D006214ED /* RecipeResult.swift */,
			);
			path = Decodable;
			sourceTree = "<group>";
		};
		D830FB292541116F006214ED /* Service */ = {
			isa = PBXGroup;
			children = (
				D830FB2A25411180006214ED /* NetworkManager.swift */,
				D830FB322541189B006214ED /* RecipeNetworkManager.swift */,
				D830FB2E254111C0006214ED /* NetworkManagerError.swift */,
			);
			path = Service;
			sourceTree = "<group>";
		};
		D86679AA252EF2CA005C56F6 = {
			isa = PBXGroup;
			children = (
				D86679B5252EF2CA005C56F6 /* Reciplease */,
				D86679CF252EF2CE005C56F6 /* RecipleaseTests */,
				D86679B4252EF2CA005C56F6 /* Products */,
			);
			sourceTree = "<group>";
		};
		D86679B4252EF2CA005C56F6 /* Products */ = {
			isa = PBXGroup;
			children = (
				D86679B3252EF2CA005C56F6 /* Reciplease.app */,
				D86679CC252EF2CE005C56F6 /* RecipleaseTests.xctest */,
			);
			name = Products;
			sourceTree = "<group>";
		};
		D86679B5252EF2CA005C56F6 /* Reciplease */ = {
			isa = PBXGroup;
			children = (
				D86679B6252EF2CA005C56F6 /* AppDelegate.swift */,
				D86679B8252EF2CA005C56F6 /* SceneDelegate.swift */,
				D830FB2325411062006214ED /* Model */,
				D830FB1E25411043006214ED /* View */,
				D830FB1D2541102C006214ED /* Controller */,
				D86679C2252EF2CD005C56F6 /* Assets.xcassets */,
				D86679C7252EF2CD005C56F6 /* Info.plist */,
				D86679BF252EF2CA005C56F6 /* Reciplease.xcdatamodeld */,
			);
			path = Reciplease;
			sourceTree = "<group>";
		};
		D86679CF252EF2CE005C56F6 /* RecipleaseTests */ = {
			isa = PBXGroup;
			children = (
				D86679D0252EF2CE005C56F6 /* RecipleaseTests.swift */,
				D86679D2252EF2CE005C56F6 /* Info.plist */,
			);
			path = RecipleaseTests;
			sourceTree = "<group>";
		};
/* End PBXGroup section */

/* Begin PBXNativeTarget section */
		D86679B2252EF2CA005C56F6 /* Reciplease */ = {
			isa = PBXNativeTarget;
			buildConfigurationList = D86679D5252EF2CE005C56F6 /* Build configuration list for PBXNativeTarget "Reciplease" */;
			buildPhases = (
				D86679AF252EF2CA005C56F6 /* Sources */,
				D86679B0252EF2CA005C56F6 /* Frameworks */,
				D86679B1252EF2CA005C56F6 /* Resources */,
			);
			buildRules = (
			);
			dependencies = (
			);
			name = Reciplease;
			productName = Reciplease;
			productReference = D86679B3252EF2CA005C56F6 /* Reciplease.app */;
			productType = "com.apple.product-type.application";
		};
		D86679CB252EF2CE005C56F6 /* RecipleaseTests */ = {
			isa = PBXNativeTarget;
			buildConfigurationList = D86679D8252EF2CE005C56F6 /* Build configuration list for PBXNativeTarget "RecipleaseTests" */;
			buildPhases = (
				D86679C8252EF2CE005C56F6 /* Sources */,
				D86679C9252EF2CE005C56F6 /* Frameworks */,
				D86679CA252EF2CE005C56F6 /* Resources */,
			);
			buildRules = (
			);
			dependencies = (
				D86679CE252EF2CE005C56F6 /* PBXTargetDependency */,
			);
			name = RecipleaseTests;
			productName = RecipleaseTests;
			productReference = D86679CC252EF2CE005C56F6 /* RecipleaseTests.xctest */;
			productType = "com.apple.product-type.bundle.unit-test";
		};
/* End PBXNativeTarget section */

/* Begin PBXProject section */
		D86679AB252EF2CA005C56F6 /* Project object */ = {
			isa = PBXProject;
			attributes = {
				LastSwiftUpdateCheck = 1170;
				LastUpgradeCheck = 1200;
				ORGANIZATIONNAME = NathanChicha;
				TargetAttributes = {
					D86679B2252EF2CA005C56F6 = {
						CreatedOnToolsVersion = 11.7;
					};
					D86679CB252EF2CE005C56F6 = {
						CreatedOnToolsVersion = 11.7;
						TestTargetID = D86679B2252EF2CA005C56F6;
					};
				};
			};
			buildConfigurationList = D86679AE252EF2CA005C56F6 /* Build configuration list for PBXProject "Reciplease" */;
			compatibilityVersion = "Xcode 9.3";
			developmentRegion = en;
			hasScannedForEncodings = 0;
			knownRegions = (
				en,
				Base,
			);
			mainGroup = D86679AA252EF2CA005C56F6;
			productRefGroup = D86679B4252EF2CA005C56F6 /* Products */;
			projectDirPath = "";
			projectRoot = "";
			targets = (
				D86679B2252EF2CA005C56F6 /* Reciplease */,
				D86679CB252EF2CE005C56F6 /* RecipleaseTests */,
			);
		};
/* End PBXProject section */

/* Begin PBXResourcesBuildPhase section */
		D86679B1252EF2CA005C56F6 /* Resources */ = {
			isa = PBXResourcesBuildPhase;
			buildActionMask = 2147483647;
			files = (
				D86679C6252EF2CD005C56F6 /* LaunchScreen.storyboard in Resources */,
				D86679C3252EF2CD005C56F6 /* Assets.xcassets in Resources */,
				D86679BE252EF2CA005C56F6 /* Main.storyboard in Resources */,
			);
			runOnlyForDeploymentPostprocessing = 0;
		};
		D86679CA252EF2CE005C56F6 /* Resources */ = {
			isa = PBXResourcesBuildPhase;
			buildActionMask = 2147483647;
			files = (
			);
			runOnlyForDeploymentPostprocessing = 0;
		};
/* End PBXResourcesBuildPhase section */

/* Begin PBXSourcesBuildPhase section */
		D86679AF252EF2CA005C56F6 /* Sources */ = {
			isa = PBXSourcesBuildPhase;
			buildActionMask = 2147483647;
			files = (
				D85542A5254A32A4002BF3AB /* BaseViewController.swift in Sources */,
				D830FB262541109D006214ED /* RecipeResult.swift in Sources */,
				D830FB2F254111C0006214ED /* NetworkManagerError.swift in Sources */,
				D86679C1252EF2CA005C56F6 /* Reciplease.xcdatamodeld in Sources */,
				D85542A12549F1B2002BF3AB /* RecipleaseError.swift in Sources */,
				D855429B25416A82002BF3AB /* RecipeTableViewCell.swift in Sources */,
				D86679DE252EF5BD005C56F6 /* RecipeDetailsViewController.swift in Sources */,
				D86679BB252EF2CA005C56F6 /* FridgeViewController.swift in Sources */,
				D830FB2B25411180006214ED /* NetworkManager.swift in Sources */,
				D830FB332541189B006214ED /* RecipeNetworkManager.swift in Sources */,
				D86679B7252EF2CA005C56F6 /* AppDelegate.swift in Sources */,
				D86679DC252EF5AC005C56F6 /* RecipesViewController.swift in Sources */,
				D85542A9254AB295002BF3AB /* RecipleaseNavigationController.swift in Sources */,
				D86679B9252EF2CA005C56F6 /* SceneDelegate.swift in Sources */,
			);
			runOnlyForDeploymentPostprocessing = 0;
		};
		D86679C8252EF2CE005C56F6 /* Sources */ = {
			isa = PBXSourcesBuildPhase;
			buildActionMask = 2147483647;
			files = (
				D86679D1252EF2CE005C56F6 /* RecipleaseTests.swift in Sources */,
			);
			runOnlyForDeploymentPostprocessing = 0;
		};
/* End PBXSourcesBuildPhase section */

/* Begin PBXTargetDependency section */
		D86679CE252EF2CE005C56F6 /* PBXTargetDependency */ = {
			isa = PBXTargetDependency;
			target = D86679B2252EF2CA005C56F6 /* Reciplease */;
			targetProxy = D86679CD252EF2CE005C56F6 /* PBXContainerItemProxy */;
		};
/* End PBXTargetDependency section */

/* Begin PBXVariantGroup section */
		D86679BC252EF2CA005C56F6 /* Main.storyboard */ = {
			isa = PBXVariantGroup;
			children = (
				D86679BD252EF2CA005C56F6 /* Base */,
			);
			name = Main.storyboard;
			sourceTree = "<group>";
		};
		D86679C4252EF2CD005C56F6 /* LaunchScreen.storyboard */ = {
			isa = PBXVariantGroup;
			children = (
				D86679C5252EF2CD005C56F6 /* Base */,
			);
			name = LaunchScreen.storyboard;
			sourceTree = "<group>";
		};
/* End PBXVariantGroup section */

/* Begin XCBuildConfiguration section */
		D86679D3252EF2CE005C56F6 /* Debug */ = {
			isa = XCBuildConfiguration;
			buildSettings = {
				ALWAYS_SEARCH_USER_PATHS = NO;
				CLANG_ANALYZER_NONNULL = YES;
				CLANG_ANALYZER_NUMBER_OBJECT_CONVERSION = YES_AGGRESSIVE;
				CLANG_CXX_LANGUAGE_STANDARD = "gnu++14";
				CLANG_CXX_LIBRARY = "libc++";
				CLANG_ENABLE_MODULES = YES;
				CLANG_ENABLE_OBJC_ARC = YES;
				CLANG_ENABLE_OBJC_WEAK = YES;
				CLANG_WARN_BLOCK_CAPTURE_AUTORELEASING = YES;
				CLANG_WARN_BOOL_CONVERSION = YES;
				CLANG_WARN_COMMA = YES;
				CLANG_WARN_CONSTANT_CONVERSION = YES;
				CLANG_WARN_DEPRECATED_OBJC_IMPLEMENTATIONS = YES;
				CLANG_WARN_DIRECT_OBJC_ISA_USAGE = YES_ERROR;
				CLANG_WARN_DOCUMENTATION_COMMENTS = YES;
				CLANG_WARN_EMPTY_BODY = YES;
				CLANG_WARN_ENUM_CONVERSION = YES;
				CLANG_WARN_INFINITE_RECURSION = YES;
				CLANG_WARN_INT_CONVERSION = YES;
				CLANG_WARN_NON_LITERAL_NULL_CONVERSION = YES;
				CLANG_WARN_OBJC_IMPLICIT_RETAIN_SELF = YES;
				CLANG_WARN_OBJC_LITERAL_CONVERSION = YES;
				CLANG_WARN_OBJC_ROOT_CLASS = YES_ERROR;
				CLANG_WARN_QUOTED_INCLUDE_IN_FRAMEWORK_HEADER = YES;
				CLANG_WARN_RANGE_LOOP_ANALYSIS = YES;
				CLANG_WARN_STRICT_PROTOTYPES = YES;
				CLANG_WARN_SUSPICIOUS_MOVE = YES;
				CLANG_WARN_UNGUARDED_AVAILABILITY = YES_AGGRESSIVE;
				CLANG_WARN_UNREACHABLE_CODE = YES;
				CLANG_WARN__DUPLICATE_METHOD_MATCH = YES;
				COPY_PHASE_STRIP = NO;
				DEBUG_INFORMATION_FORMAT = dwarf;
				ENABLE_STRICT_OBJC_MSGSEND = YES;
				ENABLE_TESTABILITY = YES;
				GCC_C_LANGUAGE_STANDARD = gnu11;
				GCC_DYNAMIC_NO_PIC = NO;
				GCC_NO_COMMON_BLOCKS = YES;
				GCC_OPTIMIZATION_LEVEL = 0;
				GCC_PREPROCESSOR_DEFINITIONS = (
					"DEBUG=1",
					"$(inherited)",
				);
				GCC_WARN_64_TO_32_BIT_CONVERSION = YES;
				GCC_WARN_ABOUT_RETURN_TYPE = YES_ERROR;
				GCC_WARN_UNDECLARED_SELECTOR = YES;
				GCC_WARN_UNINITIALIZED_AUTOS = YES_AGGRESSIVE;
				GCC_WARN_UNUSED_FUNCTION = YES;
				GCC_WARN_UNUSED_VARIABLE = YES;
				IPHONEOS_DEPLOYMENT_TARGET = 13.7;
				MTL_ENABLE_DEBUG_INFO = INCLUDE_SOURCE;
				MTL_FAST_MATH = YES;
				ONLY_ACTIVE_ARCH = YES;
				SDKROOT = iphoneos;
				SWIFT_ACTIVE_COMPILATION_CONDITIONS = DEBUG;
				SWIFT_OPTIMIZATION_LEVEL = "-Onone";
			};
			name = Debug;
		};
		D86679D4252EF2CE005C56F6 /* Release */ = {
			isa = XCBuildConfiguration;
			buildSettings = {
				ALWAYS_SEARCH_USER_PATHS = NO;
				CLANG_ANALYZER_NONNULL = YES;
				CLANG_ANALYZER_NUMBER_OBJECT_CONVERSION = YES_AGGRESSIVE;
				CLANG_CXX_LANGUAGE_STANDARD = "gnu++14";
				CLANG_CXX_LIBRARY = "libc++";
				CLANG_ENABLE_MODULES = YES;
				CLANG_ENABLE_OBJC_ARC = YES;
				CLANG_ENABLE_OBJC_WEAK = YES;
				CLANG_WARN_BLOCK_CAPTURE_AUTORELEASING = YES;
				CLANG_WARN_BOOL_CONVERSION = YES;
				CLANG_WARN_COMMA = YES;
				CLANG_WARN_CONSTANT_CONVERSION = YES;
				CLANG_WARN_DEPRECATED_OBJC_IMPLEMENTATIONS = YES;
				CLANG_WARN_DIRECT_OBJC_ISA_USAGE = YES_ERROR;
				CLANG_WARN_DOCUMENTATION_COMMENTS = YES;
				CLANG_WARN_EMPTY_BODY = YES;
				CLANG_WARN_ENUM_CONVERSION = YES;
				CLANG_WARN_INFINITE_RECURSION = YES;
				CLANG_WARN_INT_CONVERSION = YES;
				CLANG_WARN_NON_LITERAL_NULL_CONVERSION = YES;
				CLANG_WARN_OBJC_IMPLICIT_RETAIN_SELF = YES;
				CLANG_WARN_OBJC_LITERAL_CONVERSION = YES;
				CLANG_WARN_OBJC_ROOT_CLASS = YES_ERROR;
				CLANG_WARN_QUOTED_INCLUDE_IN_FRAMEWORK_HEADER = YES;
				CLANG_WARN_RANGE_LOOP_ANALYSIS = YES;
				CLANG_WARN_STRICT_PROTOTYPES = YES;
				CLANG_WARN_SUSPICIOUS_MOVE = YES;
				CLANG_WARN_UNGUARDED_AVAILABILITY = YES_AGGRESSIVE;
				CLANG_WARN_UNREACHABLE_CODE = YES;
				CLANG_WARN__DUPLICATE_METHOD_MATCH = YES;
				COPY_PHASE_STRIP = NO;
				DEBUG_INFORMATION_FORMAT = "dwarf-with-dsym";
				ENABLE_NS_ASSERTIONS = NO;
				ENABLE_STRICT_OBJC_MSGSEND = YES;
				GCC_C_LANGUAGE_STANDARD = gnu11;
				GCC_NO_COMMON_BLOCKS = YES;
				GCC_WARN_64_TO_32_BIT_CONVERSION = YES;
				GCC_WARN_ABOUT_RETURN_TYPE = YES_ERROR;
				GCC_WARN_UNDECLARED_SELECTOR = YES;
				GCC_WARN_UNINITIALIZED_AUTOS = YES_AGGRESSIVE;
				GCC_WARN_UNUSED_FUNCTION = YES;
				GCC_WARN_UNUSED_VARIABLE = YES;
				IPHONEOS_DEPLOYMENT_TARGET = 13.7;
				MTL_ENABLE_DEBUG_INFO = NO;
				MTL_FAST_MATH = YES;
				SDKROOT = iphoneos;
				SWIFT_COMPILATION_MODE = wholemodule;
				SWIFT_OPTIMIZATION_LEVEL = "-O";
				VALIDATE_PRODUCT = YES;
			};
			name = Release;
		};
		D86679D6252EF2CE005C56F6 /* Debug */ = {
			isa = XCBuildConfiguration;
			buildSettings = {
				ASSETCATALOG_COMPILER_APPICON_NAME = AppIcon;
				CODE_SIGN_STYLE = Automatic;
				DEVELOPMENT_TEAM = LV6V24R5F5;
				INFOPLIST_FILE = Reciplease/Info.plist;
				LD_RUNPATH_SEARCH_PATHS = (
					"$(inherited)",
					"@executable_path/Frameworks",
				);
				PRODUCT_BUNDLE_IDENTIFIER = com.nathanchicha.Reciplease;
				PRODUCT_NAME = "$(TARGET_NAME)";
				SWIFT_VERSION = 5.0;
				TARGETED_DEVICE_FAMILY = "1,2";
			};
			name = Debug;
		};
		D86679D7252EF2CE005C56F6 /* Release */ = {
			isa = XCBuildConfiguration;
			buildSettings = {
				ASSETCATALOG_COMPILER_APPICON_NAME = AppIcon;
				CODE_SIGN_STYLE = Automatic;
				DEVELOPMENT_TEAM = LV6V24R5F5;
				INFOPLIST_FILE = Reciplease/Info.plist;
				LD_RUNPATH_SEARCH_PATHS = (
					"$(inherited)",
					"@executable_path/Frameworks",
				);
				PRODUCT_BUNDLE_IDENTIFIER = com.nathanchicha.Reciplease;
				PRODUCT_NAME = "$(TARGET_NAME)";
				SWIFT_VERSION = 5.0;
				TARGETED_DEVICE_FAMILY = "1,2";
			};
			name = Release;
		};
		D86679D9252EF2CE005C56F6 /* Debug */ = {
			isa = XCBuildConfiguration;
			buildSettings = {
				ALWAYS_EMBED_SWIFT_STANDARD_LIBRARIES = YES;
				BUNDLE_LOADER = "$(TEST_HOST)";
				CODE_SIGN_STYLE = Automatic;
				DEVELOPMENT_TEAM = LV6V24R5F5;
				INFOPLIST_FILE = RecipleaseTests/Info.plist;
				IPHONEOS_DEPLOYMENT_TARGET = 13.7;
				LD_RUNPATH_SEARCH_PATHS = (
					"$(inherited)",
					"@executable_path/Frameworks",
					"@loader_path/Frameworks",
				);
				PRODUCT_BUNDLE_IDENTIFIER = com.nathanchicha.RecipleaseTests;
				PRODUCT_NAME = "$(TARGET_NAME)";
				SWIFT_VERSION = 5.0;
				TARGETED_DEVICE_FAMILY = "1,2";
				TEST_HOST = "$(BUILT_PRODUCTS_DIR)/Reciplease.app/Reciplease";
			};
			name = Debug;
		};
		D86679DA252EF2CE005C56F6 /* Release */ = {
			isa = XCBuildConfiguration;
			buildSettings = {
				ALWAYS_EMBED_SWIFT_STANDARD_LIBRARIES = YES;
				BUNDLE_LOADER = "$(TEST_HOST)";
				CODE_SIGN_STYLE = Automatic;
				DEVELOPMENT_TEAM = LV6V24R5F5;
				INFOPLIST_FILE = RecipleaseTests/Info.plist;
				IPHONEOS_DEPLOYMENT_TARGET = 13.7;
				LD_RUNPATH_SEARCH_PATHS = (
					"$(inherited)",
					"@executable_path/Frameworks",
					"@loader_path/Frameworks",
				);
				PRODUCT_BUNDLE_IDENTIFIER = com.nathanchicha.RecipleaseTests;
				PRODUCT_NAME = "$(TARGET_NAME)";
				SWIFT_VERSION = 5.0;
				TARGETED_DEVICE_FAMILY = "1,2";
				TEST_HOST = "$(BUILT_PRODUCTS_DIR)/Reciplease.app/Reciplease";
			};
			name = Release;
		};
/* End XCBuildConfiguration section */

/* Begin XCConfigurationList section */
		D86679AE252EF2CA005C56F6 /* Build configuration list for PBXProject "Reciplease" */ = {
			isa = XCConfigurationList;
			buildConfigurations = (
				D86679D3252EF2CE005C56F6 /* Debug */,
				D86679D4252EF2CE005C56F6 /* Release */,
			);
			defaultConfigurationIsVisible = 0;
			defaultConfigurationName = Release;
		};
		D86679D5252EF2CE005C56F6 /* Build configuration list for PBXNativeTarget "Reciplease" */ = {
			isa = XCConfigurationList;
			buildConfigurations = (
				D86679D6252EF2CE005C56F6 /* Debug */,
				D86679D7252EF2CE005C56F6 /* Release */,
			);
			defaultConfigurationIsVisible = 0;
			defaultConfigurationName = Release;
		};
		D86679D8252EF2CE005C56F6 /* Build configuration list for PBXNativeTarget "RecipleaseTests" */ = {
			isa = XCConfigurationList;
			buildConfigurations = (
				D86679D9252EF2CE005C56F6 /* Debug */,
				D86679DA252EF2CE005C56F6 /* Release */,
			);
			defaultConfigurationIsVisible = 0;
			defaultConfigurationName = Release;
		};
/* End XCConfigurationList section */

/* Begin XCVersionGroup section */
		D86679BF252EF2CA005C56F6 /* Reciplease.xcdatamodeld */ = {
			isa = XCVersionGroup;
			children = (
				D86679C0252EF2CA005C56F6 /* Reciplease.xcdatamodel */,
			);
			currentVersion = D86679C0252EF2CA005C56F6 /* Reciplease.xcdatamodel */;
			path = Reciplease.xcdatamodeld;
			sourceTree = "<group>";
			versionGroupType = wrapper.xcdatamodel;
		};
/* End XCVersionGroup section */
	};
	rootObject = D86679AB252EF2CA005C56F6 /* Project object */;
}
